
Microsoft Visual Studio Solution File, Format Version 12.00
# Visual Studio 15
VisualStudioVersion = 15.0.28010.2046
MinimumVisualStudioVersion = 10.0.40219.1
Project("{FAE04EC0-301F-11D3-BF4B-00C04F79EFBC}") = "BizleMe.Common", "BizleMe.Common\BizleMe.Common.csproj", "{B5451DBB-AB6B-4F37-89D8-E601BAC95636}"
EndProject
Project("{FAE04EC0-301F-11D3-BF4B-00C04F79EFBC}") = "BizleMe.Common.RestApi", "BizleMe.Common.RestApi\BizleMe.Common.RestApi.csproj", "{5EAFF0B2-881F-46FE-87E1-3A1366B3F53D}"
EndProject
Project("{FAE04EC0-301F-11D3-BF4B-00C04F79EFBC}") = "BizleMe.Interfaces.Shared", "BizleMe.Interfaces.Shared\BizleMe.Interfaces.Shared.csproj", "{A20F4641-B827-4F80-9852-3CA9EFC87B4D}"
EndProject
Project("{FAE04EC0-301F-11D3-BF4B-00C04F79EFBC}") = "BizleMe.DAL.Interfaces", "BizleMe.DAL.Interfaces\BizleMe.DAL.Interfaces.csproj", "{3CFCBDB6-F0C1-41D1-B43C-F0C400BC9029}"
EndProject
Project("{FAE04EC0-301F-11D3-BF4B-00C04F79EFBC}") = "BizleMe.Framework", "BizleMe.Framework\BizleMe.Framework.csproj", "{C6962684-9F7F-47EC-AF85-43D40D67E791}"
EndProject
Project("{FAE04EC0-301F-11D3-BF4B-00C04F79EFBC}") = "BizleMe.RestApi.Common", "BizleMe.RestApi.Common\BizleMe.RestApi.Common.csproj", "{F863F2C0-8245-4F3C-BCA5-EB6477C6A2E3}"
EndProject
Project("{FAE04EC0-301F-11D3-BF4B-00C04F79EFBC}") = "BizleMe.Common.Abstract", "BizleMe.Common.Abstract\BizleMe.Common.Abstract.csproj", "{40771530-A9B3-4B7E-930D-80170669C80C}"
EndProject
Project("{FAE04EC0-301F-11D3-BF4B-00C04F79EFBC}") = "BizleMe.DAL", "BizleMe.DAL\BizleMe.DAL.csproj", "{B99A7584-E5EF-499D-A0E1-34DC76C2C395}"
EndProject
Project("{FAE04EC0-301F-11D3-BF4B-00C04F79EFBC}") = "BizleMe.DAL.DObjects", "BizleMe.DAL.DObjects\BizleMe.DAL.DObjects.csproj", "{581E7B15-BE67-45AC-A7EC-4D6733FC8668}"
EndProject
Project("{FAE04EC0-301F-11D3-BF4B-00C04F79EFBC}") = "BizleMe.Common.DTOs", "BizleMe.Common.DTOs\BizleMe.Common.DTOs.csproj", "{A2A26D60-771C-4164-9BBB-8840E24AB485}"
EndProject
Project("{FAE04EC0-301F-11D3-BF4B-00C04F79EFBC}") = "UnitTest", "UnitTest\UnitTest.csproj", "{27083271-8F23-4882-AC2A-AC793CEAE55F}"
EndProject
Global
	GlobalSection(SolutionConfigurationPlatforms) = preSolution
		Debug|Any CPU = Debug|Any CPU
		Release|Any CPU = Release|Any CPU
	EndGlobalSection
	GlobalSection(ProjectConfigurationPlatforms) = postSolution
		{B5451DBB-AB6B-4F37-89D8-E601BAC95636}.Debug|Any CPU.ActiveCfg = Debug|Any CPU
		{B5451DBB-AB6B-4F37-89D8-E601BAC95636}.Debug|Any CPU.Build.0 = Debug|Any CPU
		{B5451DBB-AB6B-4F37-89D8-E601BAC95636}.Release|Any CPU.ActiveCfg = Release|Any CPU
		{B5451DBB-AB6B-4F37-89D8-E601BAC95636}.Release|Any CPU.Build.0 = Release|Any CPU
		{5EAFF0B2-881F-46FE-87E1-3A1366B3F53D}.Debug|Any CPU.ActiveCfg = Debug|Any CPU
		{5EAFF0B2-881F-46FE-87E1-3A1366B3F53D}.Debug|Any CPU.Build.0 = Debug|Any CPU
		{5EAFF0B2-881F-46FE-87E1-3A1366B3F53D}.Release|Any CPU.ActiveCfg = Release|Any CPU
		{5EAFF0B2-881F-46FE-87E1-3A1366B3F53D}.Release|Any CPU.Build.0 = Release|Any CPU
		{A20F4641-B827-4F80-9852-3CA9EFC87B4D}.Debug|Any CPU.ActiveCfg = Debug|Any CPU
		{A20F4641-B827-4F80-9852-3CA9EFC87B4D}.Debug|Any CPU.Build.0 = Debug|Any CPU
		{A20F4641-B827-4F80-9852-3CA9EFC87B4D}.Release|Any CPU.ActiveCfg = Release|Any CPU
		{A20F4641-B827-4F80-9852-3CA9EFC87B4D}.Release|Any CPU.Build.0 = Release|Any CPU
		{3CFCBDB6-F0C1-41D1-B43C-F0C400BC9029}.Debug|Any CPU.ActiveCfg = Debug|Any CPU
		{3CFCBDB6-F0C1-41D1-B43C-F0C400BC9029}.Debug|Any CPU.Build.0 = Debug|Any CPU
		{3CFCBDB6-F0C1-41D1-B43C-F0C400BC9029}.Release|Any CPU.ActiveCfg = Release|Any CPU
		{3CFCBDB6-F0C1-41D1-B43C-F0C400BC9029}.Release|Any CPU.Build.0 = Release|Any CPU
		{C6962684-9F7F-47EC-AF85-43D40D67E791}.Debug|Any CPU.ActiveCfg = Debug|Any CPU
		{C6962684-9F7F-47EC-AF85-43D40D67E791}.Debug|Any CPU.Build.0 = Debug|Any CPU
		{C6962684-9F7F-47EC-AF85-43D40D67E791}.Release|Any CPU.ActiveCfg = Release|Any CPU
		{C6962684-9F7F-47EC-AF85-43D40D67E791}.Release|Any CPU.Build.0 = Release|Any CPU
		{F863F2C0-8245-4F3C-BCA5-EB6477C6A2E3}.Debug|Any CPU.ActiveCfg = Debug|Any CPU
		{F863F2C0-8245-4F3C-BCA5-EB6477C6A2E3}.Debug|Any CPU.Build.0 = Debug|Any CPU
		{F863F2C0-8245-4F3C-BCA5-EB6477C6A2E3}.Release|Any CPU.ActiveCfg = Release|Any CPU
		{F863F2C0-8245-4F3C-BCA5-EB6477C6A2E3}.Release|Any CPU.Build.0 = Release|Any CPU
		{40771530-A9B3-4B7E-930D-80170669C80C}.Debug|Any CPU.ActiveCfg = Debug|Any CPU
		{40771530-A9B3-4B7E-930D-80170669C80C}.Debug|Any CPU.Build.0 = Debug|Any CPU
		{40771530-A9B3-4B7E-930D-80170669C80C}.Release|Any CPU.ActiveCfg = Release|Any CPU
		{40771530-A9B3-4B7E-930D-80170669C80C}.Release|Any CPU.Build.0 = Release|Any CPU
		{B99A7584-E5EF-499D-A0E1-34DC76C2C395}.Debug|Any CPU.ActiveCfg = Debug|Any CPU
		{B99A7584-E5EF-499D-A0E1-34DC76C2C395}.Debug|Any CPU.Build.0 = Debug|Any CPU
		{B99A7584-E5EF-499D-A0E1-34DC76C2C395}.Release|Any CPU.ActiveCfg = Release|Any CPU
		{B99A7584-E5EF-499D-A0E1-34DC76C2C395}.Release|Any CPU.Build.0 = Release|Any CPU
		{581E7B15-BE67-45AC-A7EC-4D6733FC8668}.Debug|Any CPU.ActiveCfg = Debug|Any CPU
		{581E7B15-BE67-45AC-A7EC-4D6733FC8668}.Debug|Any CPU.Build.0 = Debug|Any CPU
		{581E7B15-BE67-45AC-A7EC-4D6733FC8668}.Release|Any CPU.ActiveCfg = Release|Any CPU
		{581E7B15-BE67-45AC-A7EC-4D6733FC8668}.Release|Any CPU.Build.0 = Release|Any CPU
		{A2A26D60-771C-4164-9BBB-8840E24AB485}.Debug|Any CPU.ActiveCfg = Debug|Any CPU
		{A2A26D60-771C-4164-9BBB-8840E24AB485}.Debug|Any CPU.Build.0 = Debug|Any CPU
		{A2A26D60-771C-4164-9BBB-8840E24AB485}.Release|Any CPU.ActiveCfg = Release|Any CPU
		{A2A26D60-771C-4164-9BBB-8840E24AB485}.Release|Any CPU.Build.0 = Release|Any CPU
		{27083271-8F23-4882-AC2A-AC793CEAE55F}.Debug|Any CPU.ActiveCfg = Debug|Any CPU
		{27083271-8F23-4882-AC2A-AC793CEAE55F}.Debug|Any CPU.Build.0 = Debug|Any CPU
		{27083271-8F23-4882-AC2A-AC793CEAE55F}.Release|Any CPU.ActiveCfg = Release|Any CPU
		{27083271-8F23-4882-AC2A-AC793CEAE55F}.Release|Any CPU.Build.0 = Release|Any CPU
	EndGlobalSection
	GlobalSection(SolutionProperties) = preSolution
		HideSolutionNode = FALSE
	EndGlobalSection
	GlobalSection(ExtensibilityGlobals) = postSolution
		SolutionGuid = {B03A13A9-258C-49C3-B7F0-34F23C136CE9}
	EndGlobalSection
EndGlobal
